
Microsoft Visual Studio Solution File, Format Version 12.00
# Visual Studio 2013
VisualStudioVersion = 12.0.31101.0
MinimumVisualStudioVersion = 10.0.40219.1
Project("{FAE04EC0-301F-11D3-BF4B-00C04F79EFBC}") = "Paul", "Paul\Paul.csproj", "{87187280-0E48-468E-AFBC-409F07D9E2BA}"
EndProject
Project("{FAE04EC0-301F-11D3-BF4B-00C04F79EFBC}") = "Paul.Tests", "Paul.Tests\Paul.Tests.csproj", "{8D1349A1-8440-4554-884E-D0F48B6004E9}"
EndProject
Project("{FAE04EC0-301F-11D3-BF4B-00C04F79EFBC}") = "DAL", "DAL\DAL.csproj", "{B856525A-C3F4-413C-A2AE-BFB503CB5005}"
EndProject
Global
	GlobalSection(SolutionConfigurationPlatforms) = preSolution
		Debug|Any CPU = Debug|Any CPU
		Release|Any CPU = Release|Any CPU
	EndGlobalSection
	GlobalSection(ProjectConfigurationPlatforms) = postSolution
		{87187280-0E48-468E-AFBC-409F07D9E2BA}.Debug|Any CPU.ActiveCfg = Debug|Any CPU
		{87187280-0E48-468E-AFBC-409F07D9E2BA}.Debug|Any CPU.Build.0 = Debug|Any CPU
		{87187280-0E48-468E-AFBC-409F07D9E2BA}.Release|Any CPU.ActiveCfg = Release|Any CPU
		{87187280-0E48-468E-AFBC-409F07D9E2BA}.Release|Any CPU.Build.0 = Release|Any CPU
		{8D1349A1-8440-4554-884E-D0F48B6004E9}.Debug|Any CPU.ActiveCfg = Debug|Any CPU
		{8D1349A1-8440-4554-884E-D0F48B6004E9}.Debug|Any CPU.Build.0 = Debug|Any CPU
		{8D1349A1-8440-4554-884E-D0F48B6004E9}.Release|Any CPU.ActiveCfg = Release|Any CPU
		{8D1349A1-8440-4554-884E-D0F48B6004E9}.Release|Any CPU.Build.0 = Release|Any CPU
		{B856525A-C3F4-413C-A2AE-BFB503CB5005}.Debug|Any CPU.ActiveCfg = Debug|Any CPU
		{B856525A-C3F4-413C-A2AE-BFB503CB5005}.Debug|Any CPU.Build.0 = Debug|Any CPU
		{B856525A-C3F4-413C-A2AE-BFB503CB5005}.Release|Any CPU.ActiveCfg = Release|Any CPU
		{B856525A-C3F4-413C-A2AE-BFB503CB5005}.Release|Any CPU.Build.0 = Release|Any CPU
	EndGlobalSection
	GlobalSection(SolutionProperties) = preSolution
		HideSolutionNode = FALSE
	EndGlobalSection
EndGlobal
